
Microsoft Visual Studio Solution File, Format Version 12.00
# Visual Studio Version 17
VisualStudioVersion = 17.10.35013.160
MinimumVisualStudioVersion = 10.0.40219.1
Project("{9A19103F-16F7-4668-BE54-9A1E7A4F7556}") = "MinimalAPIDemo", "MinimalAPIDemo\MinimalAPIDemo.csproj", "{0282DE58-F8DE-4C39-B052-0D224911E0F3}"
EndProject
Project("{00D1A9C2-B5F0-4AF3-8072-F6C62B433612}") = "UserDB", "UserDB\UserDB.sqlproj", "{5BAD4AE6-DAE6-4F84-8AD4-75FED1454A14}"
EndProject
Project("{9A19103F-16F7-4668-BE54-9A1E7A4F7556}") = "DataAccess", "DataAccess\DataAccess.csproj", "{C412B1D6-33DE-4E2C-8F82-B31E8DD901F9}"
EndProject
Project("{2150E333-8FDC-42A3-9474-1A3956D46DE8}") = "Solution Items", "Solution Items", "{A2DFE12F-0B9B-4F3A-94B8-54A155F115D7}"
	ProjectSection(SolutionItems) = preProject
		.editorconfig = .editorconfig
	EndProjectSection
EndProject
Project("{9A19103F-16F7-4668-BE54-9A1E7A4F7556}") = "Client", "Client\Client.csproj", "{A1310291-3C7F-431A-8E72-8FF74856D533}"
EndProject
Global
	GlobalSection(SolutionConfigurationPlatforms) = preSolution
		Debug|Any CPU = Debug|Any CPU
		Release|Any CPU = Release|Any CPU
	EndGlobalSection
	GlobalSection(ProjectConfigurationPlatforms) = postSolution
		{0282DE58-F8DE-4C39-B052-0D224911E0F3}.Debug|Any CPU.ActiveCfg = Debug|Any CPU
		{0282DE58-F8DE-4C39-B052-0D224911E0F3}.Debug|Any CPU.Build.0 = Debug|Any CPU
		{0282DE58-F8DE-4C39-B052-0D224911E0F3}.Release|Any CPU.ActiveCfg = Release|Any CPU
		{0282DE58-F8DE-4C39-B052-0D224911E0F3}.Release|Any CPU.Build.0 = Release|Any CPU
		{5BAD4AE6-DAE6-4F84-8AD4-75FED1454A14}.Debug|Any CPU.ActiveCfg = Debug|Any CPU
		{5BAD4AE6-DAE6-4F84-8AD4-75FED1454A14}.Debug|Any CPU.Build.0 = Debug|Any CPU
		{5BAD4AE6-DAE6-4F84-8AD4-75FED1454A14}.Debug|Any CPU.Deploy.0 = Debug|Any CPU
		{5BAD4AE6-DAE6-4F84-8AD4-75FED1454A14}.Release|Any CPU.ActiveCfg = Release|Any CPU
		{5BAD4AE6-DAE6-4F84-8AD4-75FED1454A14}.Release|Any CPU.Build.0 = Release|Any CPU
		{5BAD4AE6-DAE6-4F84-8AD4-75FED1454A14}.Release|Any CPU.Deploy.0 = Release|Any CPU
		{C412B1D6-33DE-4E2C-8F82-B31E8DD901F9}.Debug|Any CPU.ActiveCfg = Debug|Any CPU
		{C412B1D6-33DE-4E2C-8F82-B31E8DD901F9}.Debug|Any CPU.Build.0 = Debug|Any CPU
		{C412B1D6-33DE-4E2C-8F82-B31E8DD901F9}.Release|Any CPU.ActiveCfg = Release|Any CPU
		{C412B1D6-33DE-4E2C-8F82-B31E8DD901F9}.Release|Any CPU.Build.0 = Release|Any CPU
		{A1310291-3C7F-431A-8E72-8FF74856D533}.Debug|Any CPU.ActiveCfg = Debug|Any CPU
		{A1310291-3C7F-431A-8E72-8FF74856D533}.Debug|Any CPU.Build.0 = Debug|Any CPU
		{A1310291-3C7F-431A-8E72-8FF74856D533}.Release|Any CPU.ActiveCfg = Release|Any CPU
		{A1310291-3C7F-431A-8E72-8FF74856D533}.Release|Any CPU.Build.0 = Release|Any CPU
	EndGlobalSection
	GlobalSection(SolutionProperties) = preSolution
		HideSolutionNode = FALSE
	EndGlobalSection
	GlobalSection(ExtensibilityGlobals) = postSolution
		SolutionGuid = {4D8BF627-C75A-4394-94D5-C5BAF6CC1074}
	EndGlobalSection
EndGlobal
